
Microsoft Visual Studio Solution File, Format Version 12.00
# Visual Studio Version 16
VisualStudioVersion = 16.0.32510.428
MinimumVisualStudioVersion = 10.0.40219.1
Project("{FAE04EC0-301F-11D3-BF4B-00C04F79EFBC}") = "OpenSilverEmbeddingData", "OpenSilverEmbeddingData\OpenSilverEmbeddingData\OpenSilverEmbeddingData.csproj", "{E93CE47F-4B45-407D-BF74-E29577C6FE2C}"
EndProject
Project("{FAE04EC0-301F-11D3-BF4B-00C04F79EFBC}") = "OpenSilverEmbeddingData.Browser", "OpenSilverEmbeddingData\OpenSilverEmbeddingData.Browser\OpenSilverEmbeddingData.Browser.csproj", "{E0103B9B-8017-475B-ACF5-FC81E807725B}"
EndProject
Project("{FAE04EC0-301F-11D3-BF4B-00C04F79EFBC}") = "OpenSilverEmbeddingData.Simulator", "OpenSilverEmbeddingData\OpenSilverEmbeddingData.Simulator\OpenSilverEmbeddingData.Simulator.csproj", "{8348938A-C5D9-491D-ADA6-0E980726929C}"
EndProject
Global
	GlobalSection(SolutionConfigurationPlatforms) = preSolution
		Debug|Any CPU = Debug|Any CPU
		Release|Any CPU = Release|Any CPU
	EndGlobalSection
	GlobalSection(ProjectConfigurationPlatforms) = postSolution
		{E93CE47F-4B45-407D-BF74-E29577C6FE2C}.Debug|Any CPU.ActiveCfg = Debug|Any CPU
		{E93CE47F-4B45-407D-BF74-E29577C6FE2C}.Debug|Any CPU.Build.0 = Debug|Any CPU
		{E93CE47F-4B45-407D-BF74-E29577C6FE2C}.Release|Any CPU.ActiveCfg = Release|Any CPU
		{E93CE47F-4B45-407D-BF74-E29577C6FE2C}.Release|Any CPU.Build.0 = Release|Any CPU
		{E0103B9B-8017-475B-ACF5-FC81E807725B}.Debug|Any CPU.ActiveCfg = Debug|Any CPU
		{E0103B9B-8017-475B-ACF5-FC81E807725B}.Debug|Any CPU.Build.0 = Debug|Any CPU
		{E0103B9B-8017-475B-ACF5-FC81E807725B}.Release|Any CPU.ActiveCfg = Release|Any CPU
		{E0103B9B-8017-475B-ACF5-FC81E807725B}.Release|Any CPU.Build.0 = Release|Any CPU
		{8348938A-C5D9-491D-ADA6-0E980726929C}.Debug|Any CPU.ActiveCfg = Debug|Any CPU
		{8348938A-C5D9-491D-ADA6-0E980726929C}.Debug|Any CPU.Build.0 = Debug|Any CPU
		{8348938A-C5D9-491D-ADA6-0E980726929C}.Release|Any CPU.ActiveCfg = Release|Any CPU
		{8348938A-C5D9-491D-ADA6-0E980726929C}.Release|Any CPU.Build.0 = Release|Any CPU
	EndGlobalSection
	GlobalSection(SolutionProperties) = preSolution
		HideSolutionNode = FALSE
	EndGlobalSection
	GlobalSection(ExtensibilityGlobals) = postSolution
		SolutionGuid = {F85D568C-0F38-4CD0-A0C0-79F33CEB527C}
	EndGlobalSection
EndGlobal
